
Microsoft Visual Studio Solution File, Format Version 12.00
# Visual Studio Version 16
VisualStudioVersion = 16.0.30320.27
MinimumVisualStudioVersion = 10.0.40219.1
Project("{FAE04EC0-301F-11D3-BF4B-00C04F79EFBC}") = "CSharpIntermediate", "CSharpIntermediate\CSharpIntermediate.csproj", "{B3D380C1-EC8D-4F61-9534-752017C40EDF}"
EndProject
Global
	GlobalSection(SolutionConfigurationPlatforms) = preSolution
		Debug|Any CPU = Debug|Any CPU
		Release|Any CPU = Release|Any CPU
	EndGlobalSection
	GlobalSection(ProjectConfigurationPlatforms) = postSolution
		{B3D380C1-EC8D-4F61-9534-752017C40EDF}.Debug|Any CPU.ActiveCfg = Debug|Any CPU
		{B3D380C1-EC8D-4F61-9534-752017C40EDF}.Debug|Any CPU.Build.0 = Debug|Any CPU
		{B3D380C1-EC8D-4F61-9534-752017C40EDF}.Release|Any CPU.ActiveCfg = Release|Any CPU
		{B3D380C1-EC8D-4F61-9534-752017C40EDF}.Release|Any CPU.Build.0 = Release|Any CPU
	EndGlobalSection
	GlobalSection(SolutionProperties) = preSolution
		HideSolutionNode = FALSE
	EndGlobalSection
	GlobalSection(ExtensibilityGlobals) = postSolution
		SolutionGuid = {646ADD23-7176-4B39-804E-DD1CB189D77A}
	EndGlobalSection
EndGlobal
